
Microsoft Visual Studio Solution File, Format Version 12.00
# Visual Studio Version 17
VisualStudioVersion = 17.11.35312.102
MinimumVisualStudioVersion = 10.0.40219.1
Project("{FAE04EC0-301F-11D3-BF4B-00C04F79EFBC}") = "Liikemäärä ja kiihtyvyys", "Liikemäärä ja kiihtyvyys.csproj", "{842E282D-7400-4332-B342-D5C6DD3EE28D}"
EndProject
Global
	GlobalSection(SolutionConfigurationPlatforms) = preSolution
		Debug|Any CPU = Debug|Any CPU
		Release|Any CPU = Release|Any CPU
	EndGlobalSection
	GlobalSection(ProjectConfigurationPlatforms) = postSolution
		{842E282D-7400-4332-B342-D5C6DD3EE28D}.Debug|Any CPU.ActiveCfg = Debug|Any CPU
		{842E282D-7400-4332-B342-D5C6DD3EE28D}.Debug|Any CPU.Build.0 = Debug|Any CPU
		{842E282D-7400-4332-B342-D5C6DD3EE28D}.Release|Any CPU.ActiveCfg = Release|Any CPU
		{842E282D-7400-4332-B342-D5C6DD3EE28D}.Release|Any CPU.Build.0 = Release|Any CPU
	EndGlobalSection
	GlobalSection(SolutionProperties) = preSolution
		HideSolutionNode = FALSE
	EndGlobalSection
	GlobalSection(ExtensibilityGlobals) = postSolution
		SolutionGuid = {09BDBB6E-3C77-41A4-AEC2-26B74A799363}
	EndGlobalSection
EndGlobal
