
Microsoft Visual Studio Solution File, Format Version 12.00
# Visual Studio Version 17
VisualStudioVersion = 17.11.35312.102
MinimumVisualStudioVersion = 10.0.40219.1
Project("{FAE04EC0-301F-11D3-BF4B-00C04F79EFBC}") = "Tehtävä 6 - Ruudukko koordinaatisto", "Tehtävä 6 - Ruudukko koordinaatisto.csproj", "{7CF94EFF-6A6D-4957-8532-95B3157A20F4}"
EndProject
Global
	GlobalSection(SolutionConfigurationPlatforms) = preSolution
		Debug|Any CPU = Debug|Any CPU
		Release|Any CPU = Release|Any CPU
	EndGlobalSection
	GlobalSection(ProjectConfigurationPlatforms) = postSolution
		{7CF94EFF-6A6D-4957-8532-95B3157A20F4}.Debug|Any CPU.ActiveCfg = Debug|Any CPU
		{7CF94EFF-6A6D-4957-8532-95B3157A20F4}.Debug|Any CPU.Build.0 = Debug|Any CPU
		{7CF94EFF-6A6D-4957-8532-95B3157A20F4}.Release|Any CPU.ActiveCfg = Release|Any CPU
		{7CF94EFF-6A6D-4957-8532-95B3157A20F4}.Release|Any CPU.Build.0 = Release|Any CPU
	EndGlobalSection
	GlobalSection(SolutionProperties) = preSolution
		HideSolutionNode = FALSE
	EndGlobalSection
	GlobalSection(ExtensibilityGlobals) = postSolution
		SolutionGuid = {D2BE36EB-8074-40CC-996F-85BDEB0B2133}
	EndGlobalSection
EndGlobal
