
Microsoft Visual Studio Solution File, Format Version 12.00
# Visual Studio Version 17
VisualStudioVersion = 17.11.35312.102
MinimumVisualStudioVersion = 10.0.40219.1
Project("{FAE04EC0-301F-11D3-BF4B-00C04F79EFBC}") = "Tehtävä 7 - Väritetyt tavarat", "Tehtävä 7 - Väritetyt tavarat.csproj", "{ADA5C5F3-16B0-440E-8121-AE5C15F929F6}"
EndProject
Global
	GlobalSection(SolutionConfigurationPlatforms) = preSolution
		Debug|Any CPU = Debug|Any CPU
		Release|Any CPU = Release|Any CPU
	EndGlobalSection
	GlobalSection(ProjectConfigurationPlatforms) = postSolution
		{ADA5C5F3-16B0-440E-8121-AE5C15F929F6}.Debug|Any CPU.ActiveCfg = Debug|Any CPU
		{ADA5C5F3-16B0-440E-8121-AE5C15F929F6}.Debug|Any CPU.Build.0 = Debug|Any CPU
		{ADA5C5F3-16B0-440E-8121-AE5C15F929F6}.Release|Any CPU.ActiveCfg = Release|Any CPU
		{ADA5C5F3-16B0-440E-8121-AE5C15F929F6}.Release|Any CPU.Build.0 = Release|Any CPU
	EndGlobalSection
	GlobalSection(SolutionProperties) = preSolution
		HideSolutionNode = FALSE
	EndGlobalSection
	GlobalSection(ExtensibilityGlobals) = postSolution
		SolutionGuid = {A7D79762-0D7C-49DC-BA18-1C8B0899C94C}
	EndGlobalSection
EndGlobal
