
Microsoft Visual Studio Solution File, Format Version 12.00
# Visual Studio Version 17
VisualStudioVersion = 17.11.35312.102
MinimumVisualStudioVersion = 10.0.40219.1
Project("{FAE04EC0-301F-11D3-BF4B-00C04F79EFBC}") = "EnemyReader JSON", "EnemyReader JSON.csproj", "{B86D63B9-3224-46A4-BC54-B341C96BBE7A}"
EndProject
Global
	GlobalSection(SolutionConfigurationPlatforms) = preSolution
		Debug|Any CPU = Debug|Any CPU
		Release|Any CPU = Release|Any CPU
	EndGlobalSection
	GlobalSection(ProjectConfigurationPlatforms) = postSolution
		{B86D63B9-3224-46A4-BC54-B341C96BBE7A}.Debug|Any CPU.ActiveCfg = Debug|Any CPU
		{B86D63B9-3224-46A4-BC54-B341C96BBE7A}.Debug|Any CPU.Build.0 = Debug|Any CPU
		{B86D63B9-3224-46A4-BC54-B341C96BBE7A}.Release|Any CPU.ActiveCfg = Release|Any CPU
		{B86D63B9-3224-46A4-BC54-B341C96BBE7A}.Release|Any CPU.Build.0 = Release|Any CPU
	EndGlobalSection
	GlobalSection(SolutionProperties) = preSolution
		HideSolutionNode = FALSE
	EndGlobalSection
	GlobalSection(ExtensibilityGlobals) = postSolution
		SolutionGuid = {E62B1487-2415-44AB-A2D2-8C0CD4D38AD0}
	EndGlobalSection
EndGlobal
